
Microsoft Visual Studio Solution File, Format Version 12.00
# Visual Studio Version 17
VisualStudioVersion = 17.8.34309.116
MinimumVisualStudioVersion = 10.0.40219.1
Project("{FAE04EC0-301F-11D3-BF4B-00C04F79EFBC}") = "Shopping Test", "Shopping Test\Shopping Test.csproj", "{DFD1817E-2542-4931-95FF-7FFA3343883F}"
EndProject
Global
	GlobalSection(SolutionConfigurationPlatforms) = preSolution
		Debug|Any CPU = Debug|Any CPU
		Release|Any CPU = Release|Any CPU
	EndGlobalSection
	GlobalSection(ProjectConfigurationPlatforms) = postSolution
		{DFD1817E-2542-4931-95FF-7FFA3343883F}.Debug|Any CPU.ActiveCfg = Debug|Any CPU
		{DFD1817E-2542-4931-95FF-7FFA3343883F}.Debug|Any CPU.Build.0 = Debug|Any CPU
		{DFD1817E-2542-4931-95FF-7FFA3343883F}.Release|Any CPU.ActiveCfg = Release|Any CPU
		{DFD1817E-2542-4931-95FF-7FFA3343883F}.Release|Any CPU.Build.0 = Release|Any CPU
	EndGlobalSection
	GlobalSection(SolutionProperties) = preSolution
		HideSolutionNode = FALSE
	EndGlobalSection
	GlobalSection(ExtensibilityGlobals) = postSolution
		SolutionGuid = {E9294625-1D0E-4FD8-B0C0-FB51F75B5D2A}
	EndGlobalSection
EndGlobal
